
Microsoft Visual Studio Solution File, Format Version 12.00
# Visual Studio Version 16
VisualStudioVersion = 16.0.31515.178
MinimumVisualStudioVersion = 10.0.40219.1
Project("{FAE04EC0-301F-11D3-BF4B-00C04F79EFBC}") = "Criptography Project", "Criptography Project.csproj", "{460207D1-C6A9-4AB9-9365-633CD91336DD}"
EndProject
Global
	GlobalSection(SolutionConfigurationPlatforms) = preSolution
		Debug|Any CPU = Debug|Any CPU
		Release|Any CPU = Release|Any CPU
	EndGlobalSection
	GlobalSection(ProjectConfigurationPlatforms) = postSolution
		{460207D1-C6A9-4AB9-9365-633CD91336DD}.Debug|Any CPU.ActiveCfg = Debug|Any CPU
		{460207D1-C6A9-4AB9-9365-633CD91336DD}.Debug|Any CPU.Build.0 = Debug|Any CPU
		{460207D1-C6A9-4AB9-9365-633CD91336DD}.Release|Any CPU.ActiveCfg = Release|Any CPU
		{460207D1-C6A9-4AB9-9365-633CD91336DD}.Release|Any CPU.Build.0 = Release|Any CPU
	EndGlobalSection
	GlobalSection(SolutionProperties) = preSolution
		HideSolutionNode = FALSE
	EndGlobalSection
	GlobalSection(ExtensibilityGlobals) = postSolution
		SolutionGuid = {E4E7D1D8-B45B-40F4-8614-6DF8DFA93759}
	EndGlobalSection
EndGlobal
